
Microsoft Visual Studio Solution File, Format Version 12.00
# Visual Studio Version 17
VisualStudioVersion = 17.14.36310.24 d17.14
MinimumVisualStudioVersion = 10.0.40219.1
Project("{FAE04EC0-301F-11D3-BF4B-00C04F79EFBC}") = "WebApi_Angular", "WebApi_Angular.csproj", "{221CCA38-37A1-4CA2-866F-C44B058AC113}"
EndProject
Global
	GlobalSection(SolutionConfigurationPlatforms) = preSolution
		Debug|Any CPU = Debug|Any CPU
		Release|Any CPU = Release|Any CPU
	EndGlobalSection
	GlobalSection(ProjectConfigurationPlatforms) = postSolution
		{221CCA38-37A1-4CA2-866F-C44B058AC113}.Debug|Any CPU.ActiveCfg = Debug|Any CPU
		{221CCA38-37A1-4CA2-866F-C44B058AC113}.Debug|Any CPU.Build.0 = Debug|Any CPU
		{221CCA38-37A1-4CA2-866F-C44B058AC113}.Release|Any CPU.ActiveCfg = Release|Any CPU
		{221CCA38-37A1-4CA2-866F-C44B058AC113}.Release|Any CPU.Build.0 = Release|Any CPU
	EndGlobalSection
	GlobalSection(SolutionProperties) = preSolution
		HideSolutionNode = FALSE
	EndGlobalSection
	GlobalSection(ExtensibilityGlobals) = postSolution
		SolutionGuid = {AA96BF2F-BF25-4A1B-A769-F57A31F68365}
	EndGlobalSection
EndGlobal
